
Microsoft Visual Studio Solution File, Format Version 12.00
# Visual Studio Version 17
VisualStudioVersion = 17.9.34518.117
MinimumVisualStudioVersion = 10.0.40219.1
Project("{FAE04EC0-301F-11D3-BF4B-00C04F79EFBC}") = "CalculadoraCondicional", "CalculadoraCondicional\CalculadoraCondicional.csproj", "{7A506E31-861B-4D18-B5DC-798FABB5C37C}"
EndProject
Global
	GlobalSection(SolutionConfigurationPlatforms) = preSolution
		Debug|Any CPU = Debug|Any CPU
		Release|Any CPU = Release|Any CPU
	EndGlobalSection
	GlobalSection(ProjectConfigurationPlatforms) = postSolution
		{7A506E31-861B-4D18-B5DC-798FABB5C37C}.Debug|Any CPU.ActiveCfg = Debug|Any CPU
		{7A506E31-861B-4D18-B5DC-798FABB5C37C}.Debug|Any CPU.Build.0 = Debug|Any CPU
		{7A506E31-861B-4D18-B5DC-798FABB5C37C}.Release|Any CPU.ActiveCfg = Release|Any CPU
		{7A506E31-861B-4D18-B5DC-798FABB5C37C}.Release|Any CPU.Build.0 = Release|Any CPU
	EndGlobalSection
	GlobalSection(SolutionProperties) = preSolution
		HideSolutionNode = FALSE
	EndGlobalSection
	GlobalSection(ExtensibilityGlobals) = postSolution
		SolutionGuid = {0DE37464-3815-47A8-AFCF-C396CE3A2D3D}
	EndGlobalSection
EndGlobal
